{
	"name": "xeal",
	"version": "1.2.0",
	"lockfileVersion": 2,
	"requires": true,
	"packages": {
		"": {
			"name": "xeal",
			"version": "1.2.0",
			"dependencies": {
				"clear-any-console": "^1.16.2",
				"xeal": "^2.0.0"
			},
			"bin": {
				"xeal": "index.js"
			}
		},
		"node_modules/clear-any-console": {
			"version": "1.16.2",
			"resolved": "https://registry.npmjs.org/clear-any-console/-/clear-any-console-1.16.2.tgz",
			"integrity": "sha512-OL/7wZpNy9x0GBSzz3poWja84Nr7iaH8aYNsJ5Uet2BVLj6Lm1zvWpZN/yH46Vv3ae7YfHmLLMmfHj911fshJg=="
		},
		"node_modules/xeal": {
			"version": "2.0.0",
			"resolved": "https://registry.npmjs.org/xeal/-/xeal-2.0.0.tgz",
			"integrity": "sha512-9ltVs2HcUUG4IM2hj1ZKpMxs/BY6YE9u8j0KCRNLfX2/m8roXF0yRNtAEJsFJ1/VrNwdG3a4QsL7uAvvQzLwBQ==",
			"bin": {
				"xeal": "index.js"
			}
		}
	},
	"dependencies": {
		"clear-any-console": {
			"version": "1.16.2",
			"resolved": "https://registry.npmjs.org/clear-any-console/-/clear-any-console-1.16.2.tgz",
			"integrity": "sha512-OL/7wZpNy9x0GBSzz3poWja84Nr7iaH8aYNsJ5Uet2BVLj6Lm1zvWpZN/yH46Vv3ae7YfHmLLMmfHj911fshJg=="
		},
		"xeal": {
			"version": "2.0.0",
			"resolved": "https://registry.npmjs.org/xeal/-/xeal-2.0.0.tgz",
			"integrity": "sha512-9ltVs2HcUUG4IM2hj1ZKpMxs/BY6YE9u8j0KCRNLfX2/m8roXF0yRNtAEJsFJ1/VrNwdG3a4QsL7uAvvQzLwBQ=="
		}
	}
}
